# This file is automatically @generated by Cargo.
# It is not intended for manual editing.
version = 4

[[package]]
name = "deadline-cli"
version = "0.1.0"
dependencies = [
 "deadline-client",
 "deadline-common",
 "deadline-config",
 "deadline-job-attachments",
 "deadline-job-bundle",
 "deadline-models",
]

[[package]]
name = "deadline-client"
version = "0.1.0"
dependencies = [
 "deadline-config",
 "deadline-job-attachments",
 "deadline-job-bundle",
 "deadline-models",
]

[[package]]
name = "deadline-common"
version = "0.1.0"
dependencies = [
 "deadline-models",
]

[[package]]
name = "deadline-config"
version = "0.1.0"
dependencies = [
 "deadline-models",
]

[[package]]
name = "deadline-job-attachments"
version = "0.1.0"
dependencies = [
 "deadline-common",
 "deadline-config",
 "deadline-models",
]

[[package]]
name = "deadline-job-bundle"
version = "0.1.0"
dependencies = [
 "deadline-config",
 "deadline-models",
]

[[package]]
name = "deadline-models"
version = "0.1.0"
